{
  "pins" : [
    {
      "identity" : "cheesychart",
      "kind" : "remoteSourceControl",
      "location" : "https://github.com/adri567/CheesyChart.git",
      "state" : {
        "revision" : "23d384304d832c70ffee240ef484ce1e8c5d8362",
        "version" : "1.1.2"
      }
    }
  ],
  "version" : 2
}
